
Microsoft Visual Studio Solution File, Format Version 12.00
# Visual Studio Version 17
VisualStudioVersion = 17.0.31903.59
MinimumVisualStudioVersion = 10.0.40219.1
Project("{FAE04EC0-301F-11D3-BF4B-00C04F79EFBC}") = "DesafioFundamentos", "DesafioFundamentosConsole\DesafioFundamentos.csproj", "{03277B6F-0715-416B-911D-5C27516475A8}"
EndProject
Project("{FAE04EC0-301F-11D3-BF4B-00C04F79EFBC}") = "TestesUnitariosFundamentos", "TestesUnitariosFundamentos\TestesUnitariosFundamentos.csproj", "{7BCCEEC4-B75A-4CA0-858B-F92EF61EAE98}"
EndProject
Global
	GlobalSection(SolutionConfigurationPlatforms) = preSolution
		Debug|Any CPU = Debug|Any CPU
		Release|Any CPU = Release|Any CPU
	EndGlobalSection
	GlobalSection(SolutionProperties) = preSolution
		HideSolutionNode = FALSE
	EndGlobalSection
	GlobalSection(ProjectConfigurationPlatforms) = postSolution
		{03277B6F-0715-416B-911D-5C27516475A8}.Debug|Any CPU.ActiveCfg = Debug|Any CPU
		{03277B6F-0715-416B-911D-5C27516475A8}.Debug|Any CPU.Build.0 = Debug|Any CPU
		{03277B6F-0715-416B-911D-5C27516475A8}.Release|Any CPU.ActiveCfg = Release|Any CPU
		{03277B6F-0715-416B-911D-5C27516475A8}.Release|Any CPU.Build.0 = Release|Any CPU
		{7BCCEEC4-B75A-4CA0-858B-F92EF61EAE98}.Debug|Any CPU.ActiveCfg = Debug|Any CPU
		{7BCCEEC4-B75A-4CA0-858B-F92EF61EAE98}.Debug|Any CPU.Build.0 = Debug|Any CPU
		{7BCCEEC4-B75A-4CA0-858B-F92EF61EAE98}.Release|Any CPU.ActiveCfg = Release|Any CPU
		{7BCCEEC4-B75A-4CA0-858B-F92EF61EAE98}.Release|Any CPU.Build.0 = Release|Any CPU
	EndGlobalSection
EndGlobal
